# This file is automatically @generated by Cargo.
# It is not intended for manual editing.
version = 4

[[package]]
name = "factorial_05"
version = "0.1.0"

[[package]]
name = "if_else_03"
version = "0.1.0"

[[package]]
name = "integers_01"
version = "0.1.0"

[[package]]
name = "intro_00"
version = "0.1.0"

[[package]]
name = "panics_04"
version = "0.1.0"

[[package]]
name = "struct_01"
version = "0.1.0"

[[package]]
name = "variables_02"
version = "0.1.0"

[[package]]
name = "while_06"
version = "0.1.0"
